
Microsoft Visual Studio Solution File, Format Version 12.00
# Visual Studio Version 17
VisualStudioVersion = 17.5.33627.172
MinimumVisualStudioVersion = 10.0.40219.1
Project("{FAE04EC0-301F-11D3-BF4B-00C04F79EFBC}") = "GenerateKeys", "GenerateKeys\GenerateKeys.csproj", "{B14BBF31-084C-4F64-A8FD-4D92263E6625}"
EndProject
Global
	GlobalSection(SolutionConfigurationPlatforms) = preSolution
		Debug|Any CPU = Debug|Any CPU
		Release|Any CPU = Release|Any CPU
	EndGlobalSection
	GlobalSection(ProjectConfigurationPlatforms) = postSolution
		{B14BBF31-084C-4F64-A8FD-4D92263E6625}.Debug|Any CPU.ActiveCfg = Debug|Any CPU
		{B14BBF31-084C-4F64-A8FD-4D92263E6625}.Debug|Any CPU.Build.0 = Debug|Any CPU
		{B14BBF31-084C-4F64-A8FD-4D92263E6625}.Release|Any CPU.ActiveCfg = Release|Any CPU
		{B14BBF31-084C-4F64-A8FD-4D92263E6625}.Release|Any CPU.Build.0 = Release|Any CPU
	EndGlobalSection
	GlobalSection(SolutionProperties) = preSolution
		HideSolutionNode = FALSE
	EndGlobalSection
	GlobalSection(ExtensibilityGlobals) = postSolution
		SolutionGuid = {1B951AF5-6FD5-404B-897D-C34D83AD4DC0}
	EndGlobalSection
EndGlobal
